{
  "name": "cjs",
  "version": "1.0.0",
  "lockfileVersion": 2,
  "requires": true,
  "packages": {
    "": {
      "name": "cjs",
      "version": "1.0.0",
      "license": "ISC",
      "dependencies": {
        "buzzbooster-js": "^0.0.9"
      }
    },
    "node_modules/buzzbooster-js": {
      "version": "0.0.9",
      "resolved": "https://registry.npmjs.org/buzzbooster-js/-/buzzbooster-js-0.0.9.tgz",
      "integrity": "sha512-nqecI6V6TsSJCx6IC0nh5+Dmf1Gy3HjilPqt4S7avYeF9eUcnui2Y0rgCJd2EwCKhpWD5BlthRaJgjn9cAVGfg=="
    }
  },
  "dependencies": {
    "buzzbooster-js": {
      "version": "0.0.9",
      "resolved": "https://registry.npmjs.org/buzzbooster-js/-/buzzbooster-js-0.0.9.tgz",
      "integrity": "sha512-nqecI6V6TsSJCx6IC0nh5+Dmf1Gy3HjilPqt4S7avYeF9eUcnui2Y0rgCJd2EwCKhpWD5BlthRaJgjn9cAVGfg=="
    }
  }
}
